
Microsoft Visual Studio Solution File, Format Version 12.00
# Visual Studio 2012
Project("{FAE04EC0-301F-11D3-BF4B-00C04F79EFBC}") = "VoiceNavigation", "VoiceNavigation\VoiceNavigation.csproj", "{100D3E7A-E54F-4939-8DF6-A42BBFB49FA4}"
EndProject
Project("{FAE04EC0-301F-11D3-BF4B-00C04F79EFBC}") = "VoiceNavigationCore", "VoiceNavigationCore\VoiceNavigationCore.csproj", "{462BB0CB-6DEA-4086-A311-82F355E4F8F5}"
EndProject
Global
	GlobalSection(SolutionConfigurationPlatforms) = preSolution
		Debug|iPhoneSimulator = Debug|iPhoneSimulator
		Release|iPhone = Release|iPhone
		Release|iPhoneSimulator = Release|iPhoneSimulator
		Debug|iPhone = Debug|iPhone
	EndGlobalSection
	GlobalSection(ProjectConfigurationPlatforms) = postSolution
		{100D3E7A-E54F-4939-8DF6-A42BBFB49FA4}.Debug|iPhoneSimulator.ActiveCfg = Debug|iPhoneSimulator
		{100D3E7A-E54F-4939-8DF6-A42BBFB49FA4}.Debug|iPhoneSimulator.Build.0 = Debug|iPhoneSimulator
		{100D3E7A-E54F-4939-8DF6-A42BBFB49FA4}.Release|iPhone.ActiveCfg = Release|iPhone
		{100D3E7A-E54F-4939-8DF6-A42BBFB49FA4}.Release|iPhone.Build.0 = Release|iPhone
		{100D3E7A-E54F-4939-8DF6-A42BBFB49FA4}.Release|iPhoneSimulator.ActiveCfg = Release|iPhoneSimulator
		{100D3E7A-E54F-4939-8DF6-A42BBFB49FA4}.Release|iPhoneSimulator.Build.0 = Release|iPhoneSimulator
		{100D3E7A-E54F-4939-8DF6-A42BBFB49FA4}.Debug|iPhone.ActiveCfg = Debug|iPhone
		{100D3E7A-E54F-4939-8DF6-A42BBFB49FA4}.Debug|iPhone.Build.0 = Debug|iPhone
		{462BB0CB-6DEA-4086-A311-82F355E4F8F5}.Debug|iPhoneSimulator.ActiveCfg = Debug|Any CPU
		{462BB0CB-6DEA-4086-A311-82F355E4F8F5}.Debug|iPhoneSimulator.Build.0 = Debug|Any CPU
		{462BB0CB-6DEA-4086-A311-82F355E4F8F5}.Release|iPhone.ActiveCfg = Release|Any CPU
		{462BB0CB-6DEA-4086-A311-82F355E4F8F5}.Release|iPhone.Build.0 = Release|Any CPU
		{462BB0CB-6DEA-4086-A311-82F355E4F8F5}.Release|iPhoneSimulator.ActiveCfg = Release|Any CPU
		{462BB0CB-6DEA-4086-A311-82F355E4F8F5}.Release|iPhoneSimulator.Build.0 = Release|Any CPU
		{462BB0CB-6DEA-4086-A311-82F355E4F8F5}.Debug|iPhone.ActiveCfg = Debug|Any CPU
		{462BB0CB-6DEA-4086-A311-82F355E4F8F5}.Debug|iPhone.Build.0 = Debug|Any CPU
	EndGlobalSection
EndGlobal
